// !$*UTF8*$!
{
	archiveVersion = 1;
	classes = {
	};
	objectVersion = 50;
	objects = {

/* Begin PBXBuildFile section */
		CDEF897D224A0C6000AD6D8F /* AppDelegate.swift in Sources */ = {isa = PBXBuildFile; fileRef = CDEF897C224A0C6000AD6D8F /* AppDelegate.swift */; };
		CDEF897F224A0C6000AD6D8F /* ViewController.swift in Sources */ = {isa = PBXBuildFile; fileRef = CDEF897E224A0C6000AD6D8F /* ViewController.swift */; };
		CDEF8982224A0C6000AD6D8F /* Main.storyboard in Resources */ = {isa = PBXBuildFile; fileRef = CDEF8980224A0C6000AD6D8F /* Main.storyboard */; };
		CDEF8984224A0C6300AD6D8F /* Assets.xcassets in Resources */ = {isa = PBXBuildFile; fileRef = CDEF8983224A0C6300AD6D8F /* Assets.xcassets */; };
		CDEF8987224A0C6300AD6D8F /* LaunchScreen.storyboard in Resources */ = {isa = PBXBuildFile; fileRef = CDEF8985224A0C6300AD6D8F /* LaunchScreen.storyboard */; };
		CDEF898F224A0DA300AD6D8F /* OrderViewController.swift in Sources */ = {isa = PBXBuildFile; fileRef = CDEF898E224A0DA300AD6D8F /* OrderViewController.swift */; };
		CDEF8991224A147E00AD6D8F /* appicon-120x120.png in Resources */ = {isa = PBXBuildFile; fileRef = CDEF8990224A147E00AD6D8F /* appicon-120x120.png */; };
/* End PBXBuildFile section */

/* Begin PBXFileReference section */
		CDEF8979224A0C6000AD6D8F /* Navigation1.app */ = {isa = PBXFileReference; explicitFileType = wrapper.application; includeInIndex = 0; path = Navigation1.app; sourceTree = BUILT_PRODUCTS_DIR; };
		CDEF897C224A0C6000AD6D8F /* AppDelegate.swift */ = {isa = PBXFileReference; lastKnownFileType = sourcecode.swift; path = AppDelegate.swift; sourceTree = "<group>"; };
		CDEF897E224A0C6000AD6D8F /* ViewController.swift */ = {isa = PBXFileReference; lastKnownFileType = sourcecode.swift; path = ViewController.swift; sourceTree = "<group>"; };
		CDEF8981224A0C6000AD6D8F /* Base */ = {isa = PBXFileReference; lastKnownFileType = file.storyboard; name = Base; path = Base.lproj/Main.storyboard; sourceTree = "<group>"; };
		CDEF8983224A0C6300AD6D8F /* Assets.xcassets */ = {isa = PBXFileReference; lastKnownFileType = folder.assetcatalog; path = Assets.xcassets; sourceTree = "<group>"; };
		CDEF8986224A0C6300AD6D8F /* Base */ = {isa = PBXFileReference; lastKnownFileType = file.storyboard; name = Base; path = Base.lproj/LaunchScreen.storyboard; sourceTree = "<group>"; };
		CDEF8988224A0C6300AD6D8F /* Info.plist */ = {isa = PBXFileReference; lastKnownFileType = text.plist.xml; path = Info.plist; sourceTree = "<group>"; };
		CDEF898E224A0DA300AD6D8F /* OrderViewController.swift */ = {isa = PBXFileReference; lastKnownFileType = sourcecode.swift; path = OrderViewController.swift; sourceTree = "<group>"; };
		CDEF8990224A147E00AD6D8F /* appicon-120x120.png */ = {isa = PBXFileReference; lastKnownFileType = image.png; path = "appicon-120x120.png"; sourceTree = "<group>"; };
/* End PBXFileReference section */

/* Begin PBXFrameworksBuildPhase section */
		CDEF8976224A0C6000AD6D8F /* Frameworks */ = {
			isa = PBXFrameworksBuildPhase;
			buildActionMask = 2147483647;
			files = (
			);
			runOnlyForDeploymentPostprocessing = 0;
		};
/* End PBXFrameworksBuildPhase section */

/* Begin PBXGroup section */
		CDEF8970224A0C6000AD6D8F = {
			isa = PBXGroup;
			children = (
				CDEF897B224A0C6000AD6D8F /* Navigation1 */,
				CDEF897A224A0C6000AD6D8F /* Products */,
			);
			sourceTree = "<group>";
		};
		CDEF897A224A0C6000AD6D8F /* Products */ = {
			isa = PBXGroup;
			children = (
				CDEF8979224A0C6000AD6D8F /* Navigation1.app */,
			);
			name = Products;
			sourceTree = "<group>";
		};
		CDEF897B224A0C6000AD6D8F /* Navigation1 */ = {
			isa = PBXGroup;
			children = (
				CDEF8990224A147E00AD6D8F /* appicon-120x120.png */,
				CDEF897C224A0C6000AD6D8F /* AppDelegate.swift */,
				CDEF897E224A0C6000AD6D8F /* ViewController.swift */,
				CDEF898E224A0DA300AD6D8F /* OrderViewController.swift */,
				CDEF8980224A0C6000AD6D8F /* Main.storyboard */,
				CDEF8983224A0C6300AD6D8F /* Assets.xcassets */,
				CDEF8985224A0C6300AD6D8F /* LaunchScreen.storyboard */,
				CDEF8988224A0C6300AD6D8F /* Info.plist */,
			);
			path = Navigation1;
			sourceTree = "<group>";
		};
/* End PBXGroup section */

/* Begin PBXNativeTarget section */
		CDEF8978224A0C6000AD6D8F /* Navigation1 */ = {
			isa = PBXNativeTarget;
			buildConfigurationList = CDEF898B224A0C6300AD6D8F /* Build configuration list for PBXNativeTarget "Navigation1" */;
			buildPhases = (
				CDEF8975224A0C6000AD6D8F /* Sources */,
				CDEF8976224A0C6000AD6D8F /* Frameworks */,
				CDEF8977224A0C6000AD6D8F /* Resources */,
			);
			buildRules = (
			);
			dependencies = (
			);
			name = Navigation1;
			productName = Navigation1;
			productReference = CDEF8979224A0C6000AD6D8F /* Navigation1.app */;
			productType = "com.apple.product-type.application";
		};
/* End PBXNativeTarget section */

/* Begin PBXProject section */
		CDEF8971224A0C6000AD6D8F /* Project object */ = {
			isa = PBXProject;
			attributes = {
				LastSwiftUpdateCheck = 1020;
				LastUpgradeCheck = 1020;
				ORGANIZATIONNAME = SWUCOMPUTER;
				TargetAttributes = {
					CDEF8978224A0C6000AD6D8F = {
						CreatedOnToolsVersion = 10.2;
					};
				};
			};
			buildConfigurationList = CDEF8974224A0C6000AD6D8F /* Build configuration list for PBXProject "Navigation1" */;
			compatibilityVersion = "Xcode 9.3";
			developmentRegion = en;
			hasScannedForEncodings = 0;
			knownRegions = (
				en,
				Base,
			);
			mainGroup = CDEF8970224A0C6000AD6D8F;
			productRefGroup = CDEF897A224A0C6000AD6D8F /* Products */;
			projectDirPath = "";
			projectRoot = "";
			targets = (
				CDEF8978224A0C6000AD6D8F /* Navigation1 */,
			);
		};
/* End PBXProject section */

/* Begin PBXResourcesBuildPhase section */
		CDEF8977224A0C6000AD6D8F /* Resources */ = {
			isa = PBXResourcesBuildPhase;
			buildActionMask = 2147483647;
			files = (
				CDEF8987224A0C6300AD6D8F /* LaunchScreen.storyboard in Resources */,
				CDEF8984224A0C6300AD6D8F /* Assets.xcassets in Resources */,
				CDEF8982224A0C6000AD6D8F /* Main.storyboard in Resources */,
				CDEF8991224A147E00AD6D8F /* appicon-120x120.png in Resources */,
			);
			runOnlyForDeploymentPostprocessing = 0;
		};
/* End PBXResourcesBuildPhase section */

/* Begin PBXSourcesBuildPhase section */
		CDEF8975224A0C6000AD6D8F /* Sources */ = {
			isa = PBXSourcesBuildPhase;
			buildActionMask = 2147483647;
			files = (
				CDEF897F224A0C6000AD6D8F /* ViewController.swift in Sources */,
				CDEF897D224A0C6000AD6D8F /* AppDelegate.swift in Sources */,
				CDEF898F224A0DA300AD6D8F /* OrderViewController.swift in Sources */,
			);
			runOnlyForDeploymentPostprocessing = 0;
		};
/* End PBXSourcesBuildPhase section */

/* Begin PBXVariantGroup section */
		CDEF8980224A0C6000AD6D8F /* Main.storyboard */ = {
			isa = PBXVariantGroup;
			children = (
				CDEF8981224A0C6000AD6D8F /* Base */,
			);
			name = Main.storyboard;
			sourceTree = "<group>";
		};
		CDEF8985224A0C6300AD6D8F /* LaunchScreen.storyboard */ = {
			isa = PBXVariantGroup;
			children = (
				CDEF8986224A0C6300AD6D8F /* Base */,
			);
			name = LaunchScreen.storyboard;
			sourceTree = "<group>";
		};
/* End PBXVariantGroup section */

/* Begin XCBuildConfiguration section */
		CDEF8989224A0C6300AD6D8F /* Debug */ = {
			isa = XCBuildConfiguration;
			buildSettings = {
				ALWAYS_SEARCH_USER_PATHS = NO;
				CLANG_ANALYZER_NONNULL = YES;
				CLANG_ANALYZER_NUMBER_OBJECT_CONVERSION = YES_AGGRESSIVE;
				CLANG_CXX_LANGUAGE_STANDARD = "gnu++14";
				CLANG_CXX_LIBRARY = "libc++";
				CLANG_ENABLE_MODULES = YES;
				CLANG_ENABLE_OBJC_ARC = YES;
				CLANG_ENABLE_OBJC_WEAK = YES;
				CLANG_WARN_BLOCK_CAPTURE_AUTORELEASING = YES;
				CLANG_WARN_BOOL_CONVERSION = YES;
				CLANG_WARN_COMMA = YES;
				CLANG_WARN_CONSTANT_CONVERSION = YES;
				CLANG_WARN_DEPRECATED_OBJC_IMPLEMENTATIONS = YES;
				CLANG_WARN_DIRECT_OBJC_ISA_USAGE = YES_ERROR;
				CLANG_WARN_DOCUMENTATION_COMMENTS = YES;
				CLANG_WARN_EMPTY_BODY = YES;
				CLANG_WARN_ENUM_CONVERSION = YES;
				CLANG_WARN_INFINITE_RECURSION = YES;
				CLANG_WARN_INT_CONVERSION = YES;
				CLANG_WARN_NON_LITERAL_NULL_CONVERSION = YES;
				CLANG_WARN_OBJC_IMPLICIT_RETAIN_SELF = YES;
				CLANG_WARN_OBJC_LITERAL_CONVERSION = YES;
				CLANG_WARN_OBJC_ROOT_CLASS = YES_ERROR;
				CLANG_WARN_RANGE_LOOP_ANALYSIS = YES;
				CLANG_WARN_STRICT_PROTOTYPES = YES;
				CLANG_WARN_SUSPICIOUS_MOVE = YES;
				CLANG_WARN_UNGUARDED_AVAILABILITY = YES_AGGRESSIVE;
				CLANG_WARN_UNREACHABLE_CODE = YES;
				CLANG_WARN__DUPLICATE_METHOD_MATCH = YES;
				CODE_SIGN_IDENTITY = "iPhone Developer";
				COPY_PHASE_STRIP = NO;
				DEBUG_INFORMATION_FORMAT = dwarf;
				ENABLE_STRICT_OBJC_MSGSEND = YES;
				ENABLE_TESTABILITY = YES;
				GCC_C_LANGUAGE_STANDARD = gnu11;
				GCC_DYNAMIC_NO_PIC = NO;
				GCC_NO_COMMON_BLOCKS = YES;
				GCC_OPTIMIZATION_LEVEL = 0;
				GCC_PREPROCESSOR_DEFINITIONS = (
					"DEBUG=1",
					"$(inherited)",
				);
				GCC_WARN_64_TO_32_BIT_CONVERSION = YES;
				GCC_WARN_ABOUT_RETURN_TYPE = YES_ERROR;
				GCC_WARN_UNDECLARED_SELECTOR = YES;
				GCC_WARN_UNINITIALIZED_AUTOS = YES_AGGRESSIVE;
				GCC_WARN_UNUSED_FUNCTION = YES;
				GCC_WARN_UNUSED_VARIABLE = YES;
				IPHONEOS_DEPLOYMENT_TARGET = 12.2;
				MTL_ENABLE_DEBUG_INFO = INCLUDE_SOURCE;
				MTL_FAST_MATH = YES;
				ONLY_ACTIVE_ARCH = YES;
				SDKROOT = iphoneos;
				SWIFT_ACTIVE_COMPILATION_CONDITIONS = DEBUG;
				SWIFT_OPTIMIZATION_LEVEL = "-Onone";
			};
			name = Debug;
		};
		CDEF898A224A0C6300AD6D8F /* Release */ = {
			isa = XCBuildConfiguration;
			buildSettings = {
				ALWAYS_SEARCH_USER_PATHS = NO;
				CLANG_ANALYZER_NONNULL = YES;
				CLANG_ANALYZER_NUMBER_OBJECT_CONVERSION = YES_AGGRESSIVE;
				CLANG_CXX_LANGUAGE_STANDARD = "gnu++14";
				CLANG_CXX_LIBRARY = "libc++";
				CLANG_ENABLE_MODULES = YES;
				CLANG_ENABLE_OBJC_ARC = YES;
				CLANG_ENABLE_OBJC_WEAK = YES;
				CLANG_WARN_BLOCK_CAPTURE_AUTORELEASING = YES;
				CLANG_WARN_BOOL_CONVERSION = YES;
				CLANG_WARN_COMMA = YES;
				CLANG_WARN_CONSTANT_CONVERSION = YES;
				CLANG_WARN_DEPRECATED_OBJC_IMPLEMENTATIONS = YES;
				CLANG_WARN_DIRECT_OBJC_ISA_USAGE = YES_ERROR;
				CLANG_WARN_DOCUMENTATION_COMMENTS = YES;
				CLANG_WARN_EMPTY_BODY = YES;
				CLANG_WARN_ENUM_CONVERSION = YES;
				CLANG_WARN_INFINITE_RECURSION = YES;
				CLANG_WARN_INT_CONVERSION = YES;
				CLANG_WARN_NON_LITERAL_NULL_CONVERSION = YES;
				CLANG_WARN_OBJC_IMPLICIT_RETAIN_SELF = YES;
				CLANG_WARN_OBJC_LITERAL_CONVERSION = YES;
				CLANG_WARN_OBJC_ROOT_CLASS = YES_ERROR;
				CLANG_WARN_RANGE_LOOP_ANALYSIS = YES;
				CLANG_WARN_STRICT_PROTOTYPES = YES;
				CLANG_WARN_SUSPICIOUS_MOVE = YES;
				CLANG_WARN_UNGUARDED_AVAILABILITY = YES_AGGRESSIVE;
				CLANG_WARN_UNREACHABLE_CODE = YES;
				CLANG_WARN__DUPLICATE_METHOD_MATCH = YES;
				CODE_SIGN_IDENTITY = "iPhone Developer";
				COPY_PHASE_STRIP = NO;
				DEBUG_INFORMATION_FORMAT = "dwarf-with-dsym";
				ENABLE_NS_ASSERTIONS = NO;
				ENABLE_STRICT_OBJC_MSGSEND = YES;
				GCC_C_LANGUAGE_STANDARD = gnu11;
				GCC_NO_COMMON_BLOCKS = YES;
				GCC_WARN_64_TO_32_BIT_CONVERSION = YES;
				GCC_WARN_ABOUT_RETURN_TYPE = YES_ERROR;
				GCC_WARN_UNDECLARED_SELECTOR = YES;
				GCC_WARN_UNINITIALIZED_AUTOS = YES_AGGRESSIVE;
				GCC_WARN_UNUSED_FUNCTION = YES;
				GCC_WARN_UNUSED_VARIABLE = YES;
				IPHONEOS_DEPLOYMENT_TARGET = 12.2;
				MTL_ENABLE_DEBUG_INFO = NO;
				MTL_FAST_MATH = YES;
				SDKROOT = iphoneos;
				SWIFT_COMPILATION_MODE = wholemodule;
				SWIFT_OPTIMIZATION_LEVEL = "-O";
				VALIDATE_PRODUCT = YES;
			};
			name = Release;
		};
		CDEF898C224A0C6300AD6D8F /* Debug */ = {
			isa = XCBuildConfiguration;
			buildSettings = {
				ASSETCATALOG_COMPILER_APPICON_NAME = AppIcon;
				CODE_SIGN_STYLE = Automatic;
				INFOPLIST_FILE = Navigation1/Info.plist;
				LD_RUNPATH_SEARCH_PATHS = (
					"$(inherited)",
					"@executable_path/Frameworks",
				);
				PRODUCT_BUNDLE_IDENTIFIER = swu.ac.kr.Navigation1;
				PRODUCT_NAME = "$(TARGET_NAME)";
				SWIFT_VERSION = 5.0;
				TARGETED_DEVICE_FAMILY = "1,2";
			};
			name = Debug;
		};
		CDEF898D224A0C6300AD6D8F /* Release */ = {
			isa = XCBuildConfiguration;
			buildSettings = {
				ASSETCATALOG_COMPILER_APPICON_NAME = AppIcon;
				CODE_SIGN_STYLE = Automatic;
				INFOPLIST_FILE = Navigation1/Info.plist;
				LD_RUNPATH_SEARCH_PATHS = (
					"$(inherited)",
					"@executable_path/Frameworks",
				);
				PRODUCT_BUNDLE_IDENTIFIER = swu.ac.kr.Navigation1;
				PRODUCT_NAME = "$(TARGET_NAME)";
				SWIFT_VERSION = 5.0;
				TARGETED_DEVICE_FAMILY = "1,2";
			};
			name = Release;
		};
/* End XCBuildConfiguration section */

/* Begin XCConfigurationList section */
		CDEF8974224A0C6000AD6D8F /* Build configuration list for PBXProject "Navigation1" */ = {
			isa = XCConfigurationList;
			buildConfigurations = (
				CDEF8989224A0C6300AD6D8F /* Debug */,
				CDEF898A224A0C6300AD6D8F /* Release */,
			);
			defaultConfigurationIsVisible = 0;
			defaultConfigurationName = Release;
		};
		CDEF898B224A0C6300AD6D8F /* Build configuration list for PBXNativeTarget "Navigation1" */ = {
			isa = XCConfigurationList;
			buildConfigurations = (
				CDEF898C224A0C6300AD6D8F /* Debug */,
				CDEF898D224A0C6300AD6D8F /* Release */,
			);
			defaultConfigurationIsVisible = 0;
			defaultConfigurationName = Release;
		};
/* End XCConfigurationList section */
	};
	rootObject = CDEF8971224A0C6000AD6D8F /* Project object */;
}
